// !$*UTF8*$!
{
	archiveVersion = 1;
	classes = {
	};
	objectVersion = 46;
	objects = {

/* Begin PBXBuildFile section */
		450AB4461D05A8B900DAE116 /* main.m in Sources */ = {isa = PBXBuildFile; fileRef = 450AB4451D05A8B900DAE116 /* main.m */; };
		450AB4491D05A8B900DAE116 /* AppDelegate.m in Sources */ = {isa = PBXBuildFile; fileRef = 450AB4481D05A8B900DAE116 /* AppDelegate.m */; };
		450AB44F1D05A8B900DAE116 /* Main.storyboard in Resources */ = {isa = PBXBuildFile; fileRef = 450AB44D1D05A8B900DAE116 /* Main.storyboard */; };
		450AB4511D05A8B900DAE116 /* Assets.xcassets in Resources */ = {isa = PBXBuildFile; fileRef = 450AB4501D05A8B900DAE116 /* Assets.xcassets */; };
		450AB4541D05A8B900DAE116 /* LaunchScreen.storyboard in Resources */ = {isa = PBXBuildFile; fileRef = 450AB4521D05A8B900DAE116 /* LaunchScreen.storyboard */; };
		450AB45F1D05A8B900DAE116 /* GE_TestTests.m in Sources */ = {isa = PBXBuildFile; fileRef = 450AB45E1D05A8B900DAE116 /* GE_TestTests.m */; };
		450AB46A1D05A8B900DAE116 /* GE_TestUITests.m in Sources */ = {isa = PBXBuildFile; fileRef = 450AB4691D05A8B900DAE116 /* GE_TestUITests.m */; };
		450AB4791D05AB5200DAE116 /* LocationService.m in Sources */ = {isa = PBXBuildFile; fileRef = 450AB4781D05AB5200DAE116 /* LocationService.m */; };
		450AB4821D05AECD00DAE116 /* HttpSessionManager.m in Sources */ = {isa = PBXBuildFile; fileRef = 450AB4811D05AECD00DAE116 /* HttpSessionManager.m */; };
		450AB4861D05B06600DAE116 /* Location.m in Sources */ = {isa = PBXBuildFile; fileRef = 450AB4851D05B06600DAE116 /* Location.m */; };
		450AB48A1D05B35A00DAE116 /* APIService.m in Sources */ = {isa = PBXBuildFile; fileRef = 450AB4891D05B35A00DAE116 /* APIService.m */; };
		450AB48E1D05B49400DAE116 /* LocationDataService.m in Sources */ = {isa = PBXBuildFile; fileRef = 450AB48D1D05B49400DAE116 /* LocationDataService.m */; };
		453AEE081D05C04200A28C4F /* FormViewModel.m in Sources */ = {isa = PBXBuildFile; fileRef = 453AEE071D05C04200A28C4F /* FormViewModel.m */; };
		453AEE0C1D05C05D00A28C4F /* FormViewController.m in Sources */ = {isa = PBXBuildFile; fileRef = 453AEE0B1D05C05D00A28C4F /* FormViewController.m */; };
		453AEE151D05C69B00A28C4F /* LayoutManager.m in Sources */ = {isa = PBXBuildFile; fileRef = 453AEE141D05C69B00A28C4F /* LayoutManager.m */; };
		453AEE191D05C6B700A28C4F /* ParentViewController.m in Sources */ = {isa = PBXBuildFile; fileRef = 453AEE181D05C6B700A28C4F /* ParentViewController.m */; };
		F7C27B214DC74A1AEED0FFBC /* libPods-GE_Test.a in Frameworks */ = {isa = PBXBuildFile; fileRef = CD0E07CC57C8952E67084C09 /* libPods-GE_Test.a */; };
/* End PBXBuildFile section */

/* Begin PBXContainerItemProxy section */
		450AB45B1D05A8B900DAE116 /* PBXContainerItemProxy */ = {
			isa = PBXContainerItemProxy;
			containerPortal = 450AB4391D05A8B900DAE116 /* Project object */;
			proxyType = 1;
			remoteGlobalIDString = 450AB4401D05A8B900DAE116;
			remoteInfo = GE_Test;
		};
		450AB4661D05A8B900DAE116 /* PBXContainerItemProxy */ = {
			isa = PBXContainerItemProxy;
			containerPortal = 450AB4391D05A8B900DAE116 /* Project object */;
			proxyType = 1;
			remoteGlobalIDString = 450AB4401D05A8B900DAE116;
			remoteInfo = GE_Test;
		};
/* End PBXContainerItemProxy section */

/* Begin PBXFileReference section */
		318B61B7C769EE87D6892A75 /* Pods-GE_Test.release.xcconfig */ = {isa = PBXFileReference; includeInIndex = 1; lastKnownFileType = text.xcconfig; name = "Pods-GE_Test.release.xcconfig"; path = "Pods/Target Support Files/Pods-GE_Test/Pods-GE_Test.release.xcconfig"; sourceTree = "<group>"; };
		450AB4411D05A8B900DAE116 /* GE_Test.app */ = {isa = PBXFileReference; explicitFileType = wrapper.application; includeInIndex = 0; path = GE_Test.app; sourceTree = BUILT_PRODUCTS_DIR; };
		450AB4451D05A8B900DAE116 /* main.m */ = {isa = PBXFileReference; lastKnownFileType = sourcecode.c.objc; path = main.m; sourceTree = "<group>"; };
		450AB4471D05A8B900DAE116 /* AppDelegate.h */ = {isa = PBXFileReference; lastKnownFileType = sourcecode.c.h; path = AppDelegate.h; sourceTree = "<group>"; };
		450AB4481D05A8B900DAE116 /* AppDelegate.m */ = {isa = PBXFileReference; lastKnownFileType = sourcecode.c.objc; path = AppDelegate.m; sourceTree = "<group>"; };
		450AB44E1D05A8B900DAE116 /* Base */ = {isa = PBXFileReference; lastKnownFileType = file.storyboard; name = Base; path = Base.lproj/Main.storyboard; sourceTree = "<group>"; };
		450AB4501D05A8B900DAE116 /* Assets.xcassets */ = {isa = PBXFileReference; lastKnownFileType = folder.assetcatalog; path = Assets.xcassets; sourceTree = "<group>"; };
		450AB4531D05A8B900DAE116 /* Base */ = {isa = PBXFileReference; lastKnownFileType = file.storyboard; name = Base; path = Base.lproj/LaunchScreen.storyboard; sourceTree = "<group>"; };
		450AB4551D05A8B900DAE116 /* Info.plist */ = {isa = PBXFileReference; lastKnownFileType = text.plist.xml; path = Info.plist; sourceTree = "<group>"; };
		450AB45A1D05A8B900DAE116 /* GE_TestTests.xctest */ = {isa = PBXFileReference; explicitFileType = wrapper.cfbundle; includeInIndex = 0; path = GE_TestTests.xctest; sourceTree = BUILT_PRODUCTS_DIR; };
		450AB45E1D05A8B900DAE116 /* GE_TestTests.m */ = {isa = PBXFileReference; lastKnownFileType = sourcecode.c.objc; path = GE_TestTests.m; sourceTree = "<group>"; };
		450AB4601D05A8B900DAE116 /* Info.plist */ = {isa = PBXFileReference; lastKnownFileType = text.plist.xml; path = Info.plist; sourceTree = "<group>"; };
		450AB4651D05A8B900DAE116 /* GE_TestUITests.xctest */ = {isa = PBXFileReference; explicitFileType = wrapper.cfbundle; includeInIndex = 0; path = GE_TestUITests.xctest; sourceTree = BUILT_PRODUCTS_DIR; };
		450AB4691D05A8B900DAE116 /* GE_TestUITests.m */ = {isa = PBXFileReference; lastKnownFileType = sourcecode.c.objc; path = GE_TestUITests.m; sourceTree = "<group>"; };
		450AB46B1D05A8BA00DAE116 /* Info.plist */ = {isa = PBXFileReference; lastKnownFileType = text.plist.xml; path = Info.plist; sourceTree = "<group>"; };
		450AB4771D05AB5200DAE116 /* LocationService.h */ = {isa = PBXFileReference; fileEncoding = 4; lastKnownFileType = sourcecode.c.h; path = LocationService.h; sourceTree = "<group>"; };
		450AB4781D05AB5200DAE116 /* LocationService.m */ = {isa = PBXFileReference; fileEncoding = 4; lastKnownFileType = sourcecode.c.objc; path = LocationService.m; sourceTree = "<group>"; };
		450AB4801D05AECD00DAE116 /* HttpSessionManager.h */ = {isa = PBXFileReference; fileEncoding = 4; lastKnownFileType = sourcecode.c.h; path = HttpSessionManager.h; sourceTree = "<group>"; };
		450AB4811D05AECD00DAE116 /* HttpSessionManager.m */ = {isa = PBXFileReference; fileEncoding = 4; lastKnownFileType = sourcecode.c.objc; path = HttpSessionManager.m; sourceTree = "<group>"; };
		450AB4831D05AEE800DAE116 /* APIParams.h */ = {isa = PBXFileReference; lastKnownFileType = sourcecode.c.h; path = APIParams.h; sourceTree = "<group>"; };
		450AB4841D05B06600DAE116 /* Location.h */ = {isa = PBXFileReference; fileEncoding = 4; lastKnownFileType = sourcecode.c.h; path = Location.h; sourceTree = "<group>"; };
		450AB4851D05B06600DAE116 /* Location.m */ = {isa = PBXFileReference; fileEncoding = 4; lastKnownFileType = sourcecode.c.objc; path = Location.m; sourceTree = "<group>"; };
		450AB4881D05B35A00DAE116 /* APIService.h */ = {isa = PBXFileReference; fileEncoding = 4; lastKnownFileType = sourcecode.c.h; path = APIService.h; sourceTree = "<group>"; };
		450AB4891D05B35A00DAE116 /* APIService.m */ = {isa = PBXFileReference; fileEncoding = 4; lastKnownFileType = sourcecode.c.objc; path = APIService.m; sourceTree = "<group>"; };
		450AB48C1D05B49400DAE116 /* LocationDataService.h */ = {isa = PBXFileReference; fileEncoding = 4; lastKnownFileType = sourcecode.c.h; path = LocationDataService.h; sourceTree = "<group>"; };
		450AB48D1D05B49400DAE116 /* LocationDataService.m */ = {isa = PBXFileReference; fileEncoding = 4; lastKnownFileType = sourcecode.c.objc; path = LocationDataService.m; sourceTree = "<group>"; };
		453AEE061D05C04200A28C4F /* FormViewModel.h */ = {isa = PBXFileReference; fileEncoding = 4; lastKnownFileType = sourcecode.c.h; path = FormViewModel.h; sourceTree = "<group>"; };
		453AEE071D05C04200A28C4F /* FormViewModel.m */ = {isa = PBXFileReference; fileEncoding = 4; lastKnownFileType = sourcecode.c.objc; path = FormViewModel.m; sourceTree = "<group>"; };
		453AEE0A1D05C05D00A28C4F /* FormViewController.h */ = {isa = PBXFileReference; fileEncoding = 4; lastKnownFileType = sourcecode.c.h; path = FormViewController.h; sourceTree = "<group>"; };
		453AEE0B1D05C05D00A28C4F /* FormViewController.m */ = {isa = PBXFileReference; fileEncoding = 4; lastKnownFileType = sourcecode.c.objc; path = FormViewController.m; sourceTree = "<group>"; };
		453AEE0D1D05C22B00A28C4F /* ViewModelUpdateUIDelegate.h */ = {isa = PBXFileReference; fileEncoding = 4; lastKnownFileType = sourcecode.c.h; path = ViewModelUpdateUIDelegate.h; sourceTree = "<group>"; };
		453AEE131D05C69B00A28C4F /* LayoutManager.h */ = {isa = PBXFileReference; fileEncoding = 4; lastKnownFileType = sourcecode.c.h; path = LayoutManager.h; sourceTree = "<group>"; };
		453AEE141D05C69B00A28C4F /* LayoutManager.m */ = {isa = PBXFileReference; fileEncoding = 4; lastKnownFileType = sourcecode.c.objc; path = LayoutManager.m; sourceTree = "<group>"; };
		453AEE171D05C6B700A28C4F /* ParentViewController.h */ = {isa = PBXFileReference; fileEncoding = 4; lastKnownFileType = sourcecode.c.h; path = ParentViewController.h; sourceTree = "<group>"; };
		453AEE181D05C6B700A28C4F /* ParentViewController.m */ = {isa = PBXFileReference; fileEncoding = 4; lastKnownFileType = sourcecode.c.objc; path = ParentViewController.m; sourceTree = "<group>"; };
		CD0E07CC57C8952E67084C09 /* libPods-GE_Test.a */ = {isa = PBXFileReference; explicitFileType = archive.ar; includeInIndex = 0; path = "libPods-GE_Test.a"; sourceTree = BUILT_PRODUCTS_DIR; };
		DF8D846A0726FF6BDF228F20 /* Pods-GE_Test.debug.xcconfig */ = {isa = PBXFileReference; includeInIndex = 1; lastKnownFileType = text.xcconfig; name = "Pods-GE_Test.debug.xcconfig"; path = "Pods/Target Support Files/Pods-GE_Test/Pods-GE_Test.debug.xcconfig"; sourceTree = "<group>"; };
/* End PBXFileReference section */

/* Begin PBXFrameworksBuildPhase section */
		450AB43E1D05A8B900DAE116 /* Frameworks */ = {
			isa = PBXFrameworksBuildPhase;
			buildActionMask = 2147483647;
			files = (
				F7C27B214DC74A1AEED0FFBC /* libPods-GE_Test.a in Frameworks */,
			);
			runOnlyForDeploymentPostprocessing = 0;
		};
		450AB4571D05A8B900DAE116 /* Frameworks */ = {
			isa = PBXFrameworksBuildPhase;
			buildActionMask = 2147483647;
			files = (
			);
			runOnlyForDeploymentPostprocessing = 0;
		};
		450AB4621D05A8B900DAE116 /* Frameworks */ = {
			isa = PBXFrameworksBuildPhase;
			buildActionMask = 2147483647;
			files = (
			);
			runOnlyForDeploymentPostprocessing = 0;
		};
/* End PBXFrameworksBuildPhase section */

/* Begin PBXGroup section */
		450AB4381D05A8B900DAE116 = {
			isa = PBXGroup;
			children = (
				450AB4431D05A8B900DAE116 /* GE_Test */,
				450AB45D1D05A8B900DAE116 /* GE_TestTests */,
				450AB4681D05A8B900DAE116 /* GE_TestUITests */,
				450AB4421D05A8B900DAE116 /* Products */,
				C42A206A345E9B68DA55BC12 /* Pods */,
				79C90B0EAE6B1DF5F41DE34C /* Frameworks */,
			);
			sourceTree = "<group>";
		};
		450AB4421D05A8B900DAE116 /* Products */ = {
			isa = PBXGroup;
			children = (
				450AB4411D05A8B900DAE116 /* GE_Test.app */,
				450AB45A1D05A8B900DAE116 /* GE_TestTests.xctest */,
				450AB4651D05A8B900DAE116 /* GE_TestUITests.xctest */,
			);
			name = Products;
			sourceTree = "<group>";
		};
		450AB4431D05A8B900DAE116 /* GE_Test */ = {
			isa = PBXGroup;
			children = (
				450AB4471D05A8B900DAE116 /* AppDelegate.h */,
				450AB4481D05A8B900DAE116 /* AppDelegate.m */,
				450AB4501D05A8B900DAE116 /* Assets.xcassets */,
				450AB47A1D05AB7B00DAE116 /* Classes */,
				450AB4551D05A8B900DAE116 /* Info.plist */,
				450AB4871D05B06900DAE116 /* Models */,
				450AB4441D05A8B900DAE116 /* Supporting Files */,
			);
			path = GE_Test;
			sourceTree = "<group>";
		};
		450AB4441D05A8B900DAE116 /* Supporting Files */ = {
			isa = PBXGroup;
			children = (
				450AB4451D05A8B900DAE116 /* main.m */,
			);
			name = "Supporting Files";
			sourceTree = "<group>";
		};
		450AB45D1D05A8B900DAE116 /* GE_TestTests */ = {
			isa = PBXGroup;
			children = (
				450AB45E1D05A8B900DAE116 /* GE_TestTests.m */,
				450AB4601D05A8B900DAE116 /* Info.plist */,
			);
			path = GE_TestTests;
			sourceTree = "<group>";
		};
		450AB4681D05A8B900DAE116 /* GE_TestUITests */ = {
			isa = PBXGroup;
			children = (
				450AB4691D05A8B900DAE116 /* GE_TestUITests.m */,
				450AB46B1D05A8BA00DAE116 /* Info.plist */,
			);
			path = GE_TestUITests;
			sourceTree = "<group>";
		};
		450AB47A1D05AB7B00DAE116 /* Classes */ = {
			isa = PBXGroup;
			children = (
				453AEE161D05C69F00A28C4F /* Utilities */,
				450AB47B1D05AB8900DAE116 /* Services */,
				450AB47C1D05ABA000DAE116 /* UI */,
				453AEE121D05C5B500A28C4F /* UIViewController+Loading */,
			);
			name = Classes;
			sourceTree = "<group>";
		};
		450AB47B1D05AB8900DAE116 /* Services */ = {
			isa = PBXGroup;
			children = (
				450AB47F1D05AEA800DAE116 /* LocationService */,
				450AB48B1D05B36A00DAE116 /* APIService */,
				450AB48F1D05B49800DAE116 /* LocationDataSercie */,
			);
			name = Services;
			sourceTree = "<group>";
		};
		450AB47C1D05ABA000DAE116 /* UI */ = {
			isa = PBXGroup;
			children = (
				450AB47E1D05ABC300DAE116 /* ViewControllers */,
				450AB47D1D05ABAD00DAE116 /* Storyboards */,
				453AEE091D05C04600A28C4F /* ViewModels */,
			);
			name = UI;
			sourceTree = "<group>";
		};
		450AB47D1D05ABAD00DAE116 /* Storyboards */ = {
			isa = PBXGroup;
			children = (
				450AB4521D05A8B900DAE116 /* LaunchScreen.storyboard */,
				450AB44D1D05A8B900DAE116 /* Main.storyboard */,
			);
			name = Storyboards;
			sourceTree = "<group>";
		};
		450AB47E1D05ABC300DAE116 /* ViewControllers */ = {
			isa = PBXGroup;
			children = (
				453AEE171D05C6B700A28C4F /* ParentViewController.h */,
				453AEE181D05C6B700A28C4F /* ParentViewController.m */,
				453AEE0A1D05C05D00A28C4F /* FormViewController.h */,
				453AEE0B1D05C05D00A28C4F /* FormViewController.m */,
			);
			name = ViewControllers;
			sourceTree = "<group>";
		};
		450AB47F1D05AEA800DAE116 /* LocationService */ = {
			isa = PBXGroup;
			children = (
				450AB4771D05AB5200DAE116 /* LocationService.h */,
				450AB4781D05AB5200DAE116 /* LocationService.m */,
			);
			name = LocationService;
			sourceTree = "<group>";
		};
		450AB4871D05B06900DAE116 /* Models */ = {
			isa = PBXGroup;
			children = (
				450AB4841D05B06600DAE116 /* Location.h */,
				450AB4851D05B06600DAE116 /* Location.m */,
			);
			name = Models;
			sourceTree = "<group>";
		};
		450AB48B1D05B36A00DAE116 /* APIService */ = {
			isa = PBXGroup;
			children = (
				450AB4831D05AEE800DAE116 /* APIParams.h */,
				450AB4801D05AECD00DAE116 /* HttpSessionManager.h */,
				450AB4811D05AECD00DAE116 /* HttpSessionManager.m */,
				450AB4881D05B35A00DAE116 /* APIService.h */,
				450AB4891D05B35A00DAE116 /* APIService.m */,
			);
			name = APIService;
			sourceTree = "<group>";
		};
		450AB48F1D05B49800DAE116 /* LocationDataSercie */ = {
			isa = PBXGroup;
			children = (
				450AB48C1D05B49400DAE116 /* LocationDataService.h */,
				450AB48D1D05B49400DAE116 /* LocationDataService.m */,
			);
			name = LocationDataSercie;
			sourceTree = "<group>";
		};
		453AEE091D05C04600A28C4F /* ViewModels */ = {
			isa = PBXGroup;
			children = (
				453AEE0D1D05C22B00A28C4F /* ViewModelUpdateUIDelegate.h */,
				453AEE061D05C04200A28C4F /* FormViewModel.h */,
				453AEE071D05C04200A28C4F /* FormViewModel.m */,
			);
			name = ViewModels;
			sourceTree = "<group>";
		};
		453AEE121D05C5B500A28C4F /* UIViewController+Loading */ = {
			isa = PBXGroup;
			children = (
			);
			name = "UIViewController+Loading";
			sourceTree = "<group>";
		};
		453AEE161D05C69F00A28C4F /* Utilities */ = {
			isa = PBXGroup;
			children = (
				453AEE131D05C69B00A28C4F /* LayoutManager.h */,
				453AEE141D05C69B00A28C4F /* LayoutManager.m */,
			);
			name = Utilities;
			sourceTree = "<group>";
		};
		79C90B0EAE6B1DF5F41DE34C /* Frameworks */ = {
			isa = PBXGroup;
			children = (
				CD0E07CC57C8952E67084C09 /* libPods-GE_Test.a */,
			);
			name = Frameworks;
			sourceTree = "<group>";
		};
		C42A206A345E9B68DA55BC12 /* Pods */ = {
			isa = PBXGroup;
			children = (
				DF8D846A0726FF6BDF228F20 /* Pods-GE_Test.debug.xcconfig */,
				318B61B7C769EE87D6892A75 /* Pods-GE_Test.release.xcconfig */,
			);
			name = Pods;
			sourceTree = "<group>";
		};
/* End PBXGroup section */

/* Begin PBXNativeTarget section */
		450AB4401D05A8B900DAE116 /* GE_Test */ = {
			isa = PBXNativeTarget;
			buildConfigurationList = 450AB46E1D05A8BA00DAE116 /* Build configuration list for PBXNativeTarget "GE_Test" */;
			buildPhases = (
				E32987D0982600CB576828F1 /* 📦 Check Pods Manifest.lock */,
				450AB43D1D05A8B900DAE116 /* Sources */,
				450AB43E1D05A8B900DAE116 /* Frameworks */,
				450AB43F1D05A8B900DAE116 /* Resources */,
				450812D509F332C62B5CC70D /* 📦 Embed Pods Frameworks */,
				AB088A6D6AA49457C442C524 /* 📦 Copy Pods Resources */,
			);
			buildRules = (
			);
			dependencies = (
			);
			name = GE_Test;
			productName = GE_Test;
			productReference = 450AB4411D05A8B900DAE116 /* GE_Test.app */;
			productType = "com.apple.product-type.application";
		};
		450AB4591D05A8B900DAE116 /* GE_TestTests */ = {
			isa = PBXNativeTarget;
			buildConfigurationList = 450AB4711D05A8BA00DAE116 /* Build configuration list for PBXNativeTarget "GE_TestTests" */;
			buildPhases = (
				450AB4561D05A8B900DAE116 /* Sources */,
				450AB4571D05A8B900DAE116 /* Frameworks */,
				450AB4581D05A8B900DAE116 /* Resources */,
			);
			buildRules = (
			);
			dependencies = (
				450AB45C1D05A8B900DAE116 /* PBXTargetDependency */,
			);
			name = GE_TestTests;
			productName = GE_TestTests;
			productReference = 450AB45A1D05A8B900DAE116 /* GE_TestTests.xctest */;
			productType = "com.apple.product-type.bundle.unit-test";
		};
		450AB4641D05A8B900DAE116 /* GE_TestUITests */ = {
			isa = PBXNativeTarget;
			buildConfigurationList = 450AB4741D05A8BA00DAE116 /* Build configuration list for PBXNativeTarget "GE_TestUITests" */;
			buildPhases = (
				450AB4611D05A8B900DAE116 /* Sources */,
				450AB4621D05A8B900DAE116 /* Frameworks */,
				450AB4631D05A8B900DAE116 /* Resources */,
			);
			buildRules = (
			);
			dependencies = (
				450AB4671D05A8B900DAE116 /* PBXTargetDependency */,
			);
			name = GE_TestUITests;
			productName = GE_TestUITests;
			productReference = 450AB4651D05A8B900DAE116 /* GE_TestUITests.xctest */;
			productType = "com.apple.product-type.bundle.ui-testing";
		};
/* End PBXNativeTarget section */

/* Begin PBXProject section */
		450AB4391D05A8B900DAE116 /* Project object */ = {
			isa = PBXProject;
			attributes = {
				LastUpgradeCheck = 0720;
				ORGANIZATIONNAME = "Mohamed Alsadek";
				TargetAttributes = {
					450AB4401D05A8B900DAE116 = {
						CreatedOnToolsVersion = 7.2;
					};
					450AB4591D05A8B900DAE116 = {
						CreatedOnToolsVersion = 7.2;
						TestTargetID = 450AB4401D05A8B900DAE116;
					};
					450AB4641D05A8B900DAE116 = {
						CreatedOnToolsVersion = 7.2;
						TestTargetID = 450AB4401D05A8B900DAE116;
					};
				};
			};
			buildConfigurationList = 450AB43C1D05A8B900DAE116 /* Build configuration list for PBXProject "GE_Test" */;
			compatibilityVersion = "Xcode 3.2";
			developmentRegion = English;
			hasScannedForEncodings = 0;
			knownRegions = (
				en,
				Base,
			);
			mainGroup = 450AB4381D05A8B900DAE116;
			productRefGroup = 450AB4421D05A8B900DAE116 /* Products */;
			projectDirPath = "";
			projectRoot = "";
			targets = (
				450AB4401D05A8B900DAE116 /* GE_Test */,
				450AB4591D05A8B900DAE116 /* GE_TestTests */,
				450AB4641D05A8B900DAE116 /* GE_TestUITests */,
			);
		};
/* End PBXProject section */

/* Begin PBXResourcesBuildPhase section */
		450AB43F1D05A8B900DAE116 /* Resources */ = {
			isa = PBXResourcesBuildPhase;
			buildActionMask = 2147483647;
			files = (
				450AB4541D05A8B900DAE116 /* LaunchScreen.storyboard in Resources */,
				450AB4511D05A8B900DAE116 /* Assets.xcassets in Resources */,
				450AB44F1D05A8B900DAE116 /* Main.storyboard in Resources */,
			);
			runOnlyForDeploymentPostprocessing = 0;
		};
		450AB4581D05A8B900DAE116 /* Resources */ = {
			isa = PBXResourcesBuildPhase;
			buildActionMask = 2147483647;
			files = (
			);
			runOnlyForDeploymentPostprocessing = 0;
		};
		450AB4631D05A8B900DAE116 /* Resources */ = {
			isa = PBXResourcesBuildPhase;
			buildActionMask = 2147483647;
			files = (
			);
			runOnlyForDeploymentPostprocessing = 0;
		};
/* End PBXResourcesBuildPhase section */

/* Begin PBXShellScriptBuildPhase section */
		450812D509F332C62B5CC70D /* 📦 Embed Pods Frameworks */ = {
			isa = PBXShellScriptBuildPhase;
			buildActionMask = 2147483647;
			files = (
			);
			inputPaths = (
			);
			name = "📦 Embed Pods Frameworks";
			outputPaths = (
			);
			runOnlyForDeploymentPostprocessing = 0;
			shellPath = /bin/sh;
			shellScript = "\"${SRCROOT}/Pods/Target Support Files/Pods-GE_Test/Pods-GE_Test-frameworks.sh\"\n";
			showEnvVarsInLog = 0;
		};
		AB088A6D6AA49457C442C524 /* 📦 Copy Pods Resources */ = {
			isa = PBXShellScriptBuildPhase;
			buildActionMask = 2147483647;
			files = (
			);
			inputPaths = (
			);
			name = "📦 Copy Pods Resources";
			outputPaths = (
			);
			runOnlyForDeploymentPostprocessing = 0;
			shellPath = /bin/sh;
			shellScript = "\"${SRCROOT}/Pods/Target Support Files/Pods-GE_Test/Pods-GE_Test-resources.sh\"\n";
			showEnvVarsInLog = 0;
		};
		E32987D0982600CB576828F1 /* 📦 Check Pods Manifest.lock */ = {
			isa = PBXShellScriptBuildPhase;
			buildActionMask = 2147483647;
			files = (
			);
			inputPaths = (
			);
			name = "📦 Check Pods Manifest.lock";
			outputPaths = (
			);
			runOnlyForDeploymentPostprocessing = 0;
			shellPath = /bin/sh;
			shellScript = "diff \"${PODS_ROOT}/../Podfile.lock\" \"${PODS_ROOT}/Manifest.lock\" > /dev/null\nif [[ $? != 0 ]] ; then\n    cat << EOM\nerror: The sandbox is not in sync with the Podfile.lock. Run 'pod install' or update your CocoaPods installation.\nEOM\n    exit 1\nfi\n";
			showEnvVarsInLog = 0;
		};
/* End PBXShellScriptBuildPhase section */

/* Begin PBXSourcesBuildPhase section */
		450AB43D1D05A8B900DAE116 /* Sources */ = {
			isa = PBXSourcesBuildPhase;
			buildActionMask = 2147483647;
			files = (
				450AB4821D05AECD00DAE116 /* HttpSessionManager.m in Sources */,
				450AB48A1D05B35A00DAE116 /* APIService.m in Sources */,
				450AB4491D05A8B900DAE116 /* AppDelegate.m in Sources */,
				450AB48E1D05B49400DAE116 /* LocationDataService.m in Sources */,
				453AEE191D05C6B700A28C4F /* ParentViewController.m in Sources */,
				450AB4791D05AB5200DAE116 /* LocationService.m in Sources */,
				450AB4861D05B06600DAE116 /* Location.m in Sources */,
				453AEE0C1D05C05D00A28C4F /* FormViewController.m in Sources */,
				453AEE151D05C69B00A28C4F /* LayoutManager.m in Sources */,
				453AEE081D05C04200A28C4F /* FormViewModel.m in Sources */,
				450AB4461D05A8B900DAE116 /* main.m in Sources */,
			);
			runOnlyForDeploymentPostprocessing = 0;
		};
		450AB4561D05A8B900DAE116 /* Sources */ = {
			isa = PBXSourcesBuildPhase;
			buildActionMask = 2147483647;
			files = (
				450AB45F1D05A8B900DAE116 /* GE_TestTests.m in Sources */,
			);
			runOnlyForDeploymentPostprocessing = 0;
		};
		450AB4611D05A8B900DAE116 /* Sources */ = {
			isa = PBXSourcesBuildPhase;
			buildActionMask = 2147483647;
			files = (
				450AB46A1D05A8B900DAE116 /* GE_TestUITests.m in Sources */,
			);
			runOnlyForDeploymentPostprocessing = 0;
		};
/* End PBXSourcesBuildPhase section */

/* Begin PBXTargetDependency section */
		450AB45C1D05A8B900DAE116 /* PBXTargetDependency */ = {
			isa = PBXTargetDependency;
			target = 450AB4401D05A8B900DAE116 /* GE_Test */;
			targetProxy = 450AB45B1D05A8B900DAE116 /* PBXContainerItemProxy */;
		};
		450AB4671D05A8B900DAE116 /* PBXTargetDependency */ = {
			isa = PBXTargetDependency;
			target = 450AB4401D05A8B900DAE116 /* GE_Test */;
			targetProxy = 450AB4661D05A8B900DAE116 /* PBXContainerItemProxy */;
		};
/* End PBXTargetDependency section */

/* Begin PBXVariantGroup section */
		450AB44D1D05A8B900DAE116 /* Main.storyboard */ = {
			isa = PBXVariantGroup;
			children = (
				450AB44E1D05A8B900DAE116 /* Base */,
			);
			name = Main.storyboard;
			sourceTree = "<group>";
		};
		450AB4521D05A8B900DAE116 /* LaunchScreen.storyboard */ = {
			isa = PBXVariantGroup;
			children = (
				450AB4531D05A8B900DAE116 /* Base */,
			);
			name = LaunchScreen.storyboard;
			sourceTree = "<group>";
		};
/* End PBXVariantGroup section */

/* Begin XCBuildConfiguration section */
		450AB46C1D05A8BA00DAE116 /* Debug */ = {
			isa = XCBuildConfiguration;
			buildSettings = {
				ALWAYS_SEARCH_USER_PATHS = NO;
				CLANG_CXX_LANGUAGE_STANDARD = "gnu++0x";
				CLANG_CXX_LIBRARY = "libc++";
				CLANG_ENABLE_MODULES = YES;
				CLANG_ENABLE_OBJC_ARC = YES;
				CLANG_WARN_BOOL_CONVERSION = YES;
				CLANG_WARN_CONSTANT_CONVERSION = YES;
				CLANG_WARN_DIRECT_OBJC_ISA_USAGE = YES_ERROR;
				CLANG_WARN_EMPTY_BODY = YES;
				CLANG_WARN_ENUM_CONVERSION = YES;
				CLANG_WARN_INT_CONVERSION = YES;
				CLANG_WARN_OBJC_ROOT_CLASS = YES_ERROR;
				CLANG_WARN_UNREACHABLE_CODE = YES;
				CLANG_WARN__DUPLICATE_METHOD_MATCH = YES;
				"CODE_SIGN_IDENTITY[sdk=iphoneos*]" = "iPhone Developer";
				COPY_PHASE_STRIP = NO;
				DEBUG_INFORMATION_FORMAT = dwarf;
				ENABLE_STRICT_OBJC_MSGSEND = YES;
				ENABLE_TESTABILITY = YES;
				GCC_C_LANGUAGE_STANDARD = gnu99;
				GCC_DYNAMIC_NO_PIC = NO;
				GCC_NO_COMMON_BLOCKS = YES;
				GCC_OPTIMIZATION_LEVEL = 0;
				GCC_PREPROCESSOR_DEFINITIONS = (
					"DEBUG=1",
					"$(inherited)",
				);
				GCC_WARN_64_TO_32_BIT_CONVERSION = YES;
				GCC_WARN_ABOUT_RETURN_TYPE = YES_ERROR;
				GCC_WARN_UNDECLARED_SELECTOR = YES;
				GCC_WARN_UNINITIALIZED_AUTOS = YES_AGGRESSIVE;
				GCC_WARN_UNUSED_FUNCTION = YES;
				GCC_WARN_UNUSED_VARIABLE = YES;
				IPHONEOS_DEPLOYMENT_TARGET = 8.0;
				MTL_ENABLE_DEBUG_INFO = YES;
				ONLY_ACTIVE_ARCH = YES;
				SDKROOT = iphoneos;
				TARGETED_DEVICE_FAMILY = "1,2";
			};
			name = Debug;
		};
		450AB46D1D05A8BA00DAE116 /* Release */ = {
			isa = XCBuildConfiguration;
			buildSettings = {
				ALWAYS_SEARCH_USER_PATHS = NO;
				CLANG_CXX_LANGUAGE_STANDARD = "gnu++0x";
				CLANG_CXX_LIBRARY = "libc++";
				CLANG_ENABLE_MODULES = YES;
				CLANG_ENABLE_OBJC_ARC = YES;
				CLANG_WARN_BOOL_CONVERSION = YES;
				CLANG_WARN_CONSTANT_CONVERSION = YES;
				CLANG_WARN_DIRECT_OBJC_ISA_USAGE = YES_ERROR;
				CLANG_WARN_EMPTY_BODY = YES;
				CLANG_WARN_ENUM_CONVERSION = YES;
				CLANG_WARN_INT_CONVERSION = YES;
				CLANG_WARN_OBJC_ROOT_CLASS = YES_ERROR;
				CLANG_WARN_UNREACHABLE_CODE = YES;
				CLANG_WARN__DUPLICATE_METHOD_MATCH = YES;
				"CODE_SIGN_IDENTITY[sdk=iphoneos*]" = "iPhone Developer";
				COPY_PHASE_STRIP = NO;
				DEBUG_INFORMATION_FORMAT = "dwarf-with-dsym";
				ENABLE_NS_ASSERTIONS = NO;
				ENABLE_STRICT_OBJC_MSGSEND = YES;
				GCC_C_LANGUAGE_STANDARD = gnu99;
				GCC_NO_COMMON_BLOCKS = YES;
				GCC_WARN_64_TO_32_BIT_CONVERSION = YES;
				GCC_WARN_ABOUT_RETURN_TYPE = YES_ERROR;
				GCC_WARN_UNDECLARED_SELECTOR = YES;
				GCC_WARN_UNINITIALIZED_AUTOS = YES_AGGRESSIVE;
				GCC_WARN_UNUSED_FUNCTION = YES;
				GCC_WARN_UNUSED_VARIABLE = YES;
				IPHONEOS_DEPLOYMENT_TARGET = 8.0;
				MTL_ENABLE_DEBUG_INFO = NO;
				SDKROOT = iphoneos;
				TARGETED_DEVICE_FAMILY = "1,2";
				VALIDATE_PRODUCT = YES;
			};
			name = Release;
		};
		450AB46F1D05A8BA00DAE116 /* Debug */ = {
			isa = XCBuildConfiguration;
			baseConfigurationReference = DF8D846A0726FF6BDF228F20 /* Pods-GE_Test.debug.xcconfig */;
			buildSettings = {
				ASSETCATALOG_COMPILER_APPICON_NAME = AppIcon;
				INFOPLIST_FILE = GE_Test/Info.plist;
				IPHONEOS_DEPLOYMENT_TARGET = 8.0;
				LD_RUNPATH_SEARCH_PATHS = "$(inherited) @executable_path/Frameworks";
				PRODUCT_BUNDLE_IDENTIFIER = "goeuro.GE-Test";
				PRODUCT_NAME = "$(TARGET_NAME)";
			};
			name = Debug;
		};
		450AB4701D05A8BA00DAE116 /* Release */ = {
			isa = XCBuildConfiguration;
			baseConfigurationReference = 318B61B7C769EE87D6892A75 /* Pods-GE_Test.release.xcconfig */;
			buildSettings = {
				ASSETCATALOG_COMPILER_APPICON_NAME = AppIcon;
				INFOPLIST_FILE = GE_Test/Info.plist;
				IPHONEOS_DEPLOYMENT_TARGET = 8.0;
				LD_RUNPATH_SEARCH_PATHS = "$(inherited) @executable_path/Frameworks";
				PRODUCT_BUNDLE_IDENTIFIER = "goeuro.GE-Test";
				PRODUCT_NAME = "$(TARGET_NAME)";
			};
			name = Release;
		};
		450AB4721D05A8BA00DAE116 /* Debug */ = {
			isa = XCBuildConfiguration;
			buildSettings = {
				BUNDLE_LOADER = "$(TEST_HOST)";
				INFOPLIST_FILE = GE_TestTests/Info.plist;
				LD_RUNPATH_SEARCH_PATHS = "$(inherited) @executable_path/Frameworks @loader_path/Frameworks";
				PRODUCT_BUNDLE_IDENTIFIER = "goeuro.GE-TestTests";
				PRODUCT_NAME = "$(TARGET_NAME)";
				TEST_HOST = "$(BUILT_PRODUCTS_DIR)/GE_Test.app/GE_Test";
			};
			name = Debug;
		};
		450AB4731D05A8BA00DAE116 /* Release */ = {
			isa = XCBuildConfiguration;
			buildSettings = {
				BUNDLE_LOADER = "$(TEST_HOST)";
				INFOPLIST_FILE = GE_TestTests/Info.plist;
				LD_RUNPATH_SEARCH_PATHS = "$(inherited) @executable_path/Frameworks @loader_path/Frameworks";
				PRODUCT_BUNDLE_IDENTIFIER = "goeuro.GE-TestTests";
				PRODUCT_NAME = "$(TARGET_NAME)";
				TEST_HOST = "$(BUILT_PRODUCTS_DIR)/GE_Test.app/GE_Test";
			};
			name = Release;
		};
		450AB4751D05A8BA00DAE116 /* Debug */ = {
			isa = XCBuildConfiguration;
			buildSettings = {
				INFOPLIST_FILE = GE_TestUITests/Info.plist;
				LD_RUNPATH_SEARCH_PATHS = "$(inherited) @executable_path/Frameworks @loader_path/Frameworks";
				PRODUCT_BUNDLE_IDENTIFIER = "goeuro.GE-TestUITests";
				PRODUCT_NAME = "$(TARGET_NAME)";
				TEST_TARGET_NAME = GE_Test;
				USES_XCTRUNNER = YES;
			};
			name = Debug;
		};
		450AB4761D05A8BA00DAE116 /* Release */ = {
			isa = XCBuildConfiguration;
			buildSettings = {
				INFOPLIST_FILE = GE_TestUITests/Info.plist;
				LD_RUNPATH_SEARCH_PATHS = "$(inherited) @executable_path/Frameworks @loader_path/Frameworks";
				PRODUCT_BUNDLE_IDENTIFIER = "goeuro.GE-TestUITests";
				PRODUCT_NAME = "$(TARGET_NAME)";
				TEST_TARGET_NAME = GE_Test;
				USES_XCTRUNNER = YES;
			};
			name = Release;
		};
/* End XCBuildConfiguration section */

/* Begin XCConfigurationList section */
		450AB43C1D05A8B900DAE116 /* Build configuration list for PBXProject "GE_Test" */ = {
			isa = XCConfigurationList;
			buildConfigurations = (
				450AB46C1D05A8BA00DAE116 /* Debug */,
				450AB46D1D05A8BA00DAE116 /* Release */,
			);
			defaultConfigurationIsVisible = 0;
			defaultConfigurationName = Release;
		};
		450AB46E1D05A8BA00DAE116 /* Build configuration list for PBXNativeTarget "GE_Test" */ = {
			isa = XCConfigurationList;
			buildConfigurations = (
				450AB46F1D05A8BA00DAE116 /* Debug */,
				450AB4701D05A8BA00DAE116 /* Release */,
			);
			defaultConfigurationIsVisible = 0;
			defaultConfigurationName = Release;
		};
		450AB4711D05A8BA00DAE116 /* Build configuration list for PBXNativeTarget "GE_TestTests" */ = {
			isa = XCConfigurationList;
			buildConfigurations = (
				450AB4721D05A8BA00DAE116 /* Debug */,
				450AB4731D05A8BA00DAE116 /* Release */,
			);
			defaultConfigurationIsVisible = 0;
			defaultConfigurationName = Release;
		};
		450AB4741D05A8BA00DAE116 /* Build configuration list for PBXNativeTarget "GE_TestUITests" */ = {
			isa = XCConfigurationList;
			buildConfigurations = (
				450AB4751D05A8BA00DAE116 /* Debug */,
				450AB4761D05A8BA00DAE116 /* Release */,
			);
			defaultConfigurationIsVisible = 0;
			defaultConfigurationName = Release;
		};
/* End XCConfigurationList section */
	};
	rootObject = 450AB4391D05A8B900DAE116 /* Project object */;
}
